// !$*UTF8*$!
{
	archiveVersion = 1;
	classes = {
	};
	objectVersion = 46;
	objects = {

/* Begin PBXBuildFile section */
		D33998CA1F4EC007009DACD0 /* AppDelegate.swift in Sources */ = {isa = PBXBuildFile; fileRef = D33998C91F4EC007009DACD0 /* AppDelegate.swift */; };
		D33998CC1F4EC007009DACD0 /* ViewController.swift in Sources */ = {isa = PBXBuildFile; fileRef = D33998CB1F4EC007009DACD0 /* ViewController.swift */; };
		D33998CF1F4EC007009DACD0 /* Main.storyboard in Resources */ = {isa = PBXBuildFile; fileRef = D33998CD1F4EC007009DACD0 /* Main.storyboard */; };
		D33998D11F4EC007009DACD0 /* Assets.xcassets in Resources */ = {isa = PBXBuildFile; fileRef = D33998D01F4EC007009DACD0 /* Assets.xcassets */; };
		D33998D41F4EC007009DACD0 /* LaunchScreen.storyboard in Resources */ = {isa = PBXBuildFile; fileRef = D33998D21F4EC007009DACD0 /* LaunchScreen.storyboard */; };
/* End PBXBuildFile section */

/* Begin PBXFileReference section */
		D33998C61F4EC007009DACD0 /* Ant.app */ = {isa = PBXFileReference; explicitFileType = wrapper.application; includeInIndex = 0; path = Ant.app; sourceTree = BUILT_PRODUCTS_DIR; };
		D33998C91F4EC007009DACD0 /* AppDelegate.swift */ = {isa = PBXFileReference; lastKnownFileType = sourcecode.swift; path = AppDelegate.swift; sourceTree = "<group>"; };
		D33998CB1F4EC007009DACD0 /* ViewController.swift */ = {isa = PBXFileReference; lastKnownFileType = sourcecode.swift; path = ViewController.swift; sourceTree = "<group>"; };
		D33998CE1F4EC007009DACD0 /* Base */ = {isa = PBXFileReference; lastKnownFileType = file.storyboard; name = Base; path = Base.lproj/Main.storyboard; sourceTree = "<group>"; };
		D33998D01F4EC007009DACD0 /* Assets.xcassets */ = {isa = PBXFileReference; lastKnownFileType = folder.assetcatalog; path = Assets.xcassets; sourceTree = "<group>"; };
		D33998D31F4EC007009DACD0 /* Base */ = {isa = PBXFileReference; lastKnownFileType = file.storyboard; name = Base; path = Base.lproj/LaunchScreen.storyboard; sourceTree = "<group>"; };
		D33998D51F4EC007009DACD0 /* Info.plist */ = {isa = PBXFileReference; lastKnownFileType = text.plist.xml; path = Info.plist; sourceTree = "<group>"; };
/* End PBXFileReference section */

/* Begin PBXFrameworksBuildPhase section */
		D33998C31F4EC007009DACD0 /* Frameworks */ = {
			isa = PBXFrameworksBuildPhase;
			buildActionMask = 2147483647;
			files = (
			);
			runOnlyForDeploymentPostprocessing = 0;
		};
/* End PBXFrameworksBuildPhase section */

/* Begin PBXGroup section */
		D33998BD1F4EC007009DACD0 = {
			isa = PBXGroup;
			children = (
				D33998C81F4EC007009DACD0 /* Ant */,
				D33998C71F4EC007009DACD0 /* Products */,
			);
			sourceTree = "<group>";
		};
		D33998C71F4EC007009DACD0 /* Products */ = {
			isa = PBXGroup;
			children = (
				D33998C61F4EC007009DACD0 /* Ant.app */,
			);
			name = Products;
			sourceTree = "<group>";
		};
		D33998C81F4EC007009DACD0 /* Ant */ = {
			isa = PBXGroup;
			children = (
				D33998C91F4EC007009DACD0 /* AppDelegate.swift */,
				D33998CB1F4EC007009DACD0 /* ViewController.swift */,
				D33998CD1F4EC007009DACD0 /* Main.storyboard */,
				D33998D01F4EC007009DACD0 /* Assets.xcassets */,
				D33998D21F4EC007009DACD0 /* LaunchScreen.storyboard */,
				D33998D51F4EC007009DACD0 /* Info.plist */,
			);
			path = Ant;
			sourceTree = "<group>";
		};
/* End PBXGroup section */

/* Begin PBXNativeTarget section */
		D33998C51F4EC007009DACD0 /* Ant */ = {
			isa = PBXNativeTarget;
			buildConfigurationList = D33998D81F4EC007009DACD0 /* Build configuration list for PBXNativeTarget "Ant" */;
			buildPhases = (
				D33998C21F4EC007009DACD0 /* Sources */,
				D33998C31F4EC007009DACD0 /* Frameworks */,
				D33998C41F4EC007009DACD0 /* Resources */,
			);
			buildRules = (
			);
			dependencies = (
			);
			name = Ant;
			productName = Ant;
			productReference = D33998C61F4EC007009DACD0 /* Ant.app */;
			productType = "com.apple.product-type.application";
		};
/* End PBXNativeTarget section */

/* Begin PBXProject section */
		D33998BE1F4EC007009DACD0 /* Project object */ = {
			isa = PBXProject;
			attributes = {
				LastSwiftUpdateCheck = 0830;
				LastUpgradeCheck = 0830;
				ORGANIZATIONNAME = Weslie;
				TargetAttributes = {
					D33998C51F4EC007009DACD0 = {
						CreatedOnToolsVersion = 8.3.3;
						DevelopmentTeam = 4UXX38SJ8T;
						ProvisioningStyle = Automatic;
					};
				};
			};
			buildConfigurationList = D33998C11F4EC007009DACD0 /* Build configuration list for PBXProject "Ant" */;
			compatibilityVersion = "Xcode 3.2";
			developmentRegion = English;
			hasScannedForEncodings = 0;
			knownRegions = (
				en,
				Base,
			);
			mainGroup = D33998BD1F4EC007009DACD0;
			productRefGroup = D33998C71F4EC007009DACD0 /* Products */;
			projectDirPath = "";
			projectRoot = "";
			targets = (
				D33998C51F4EC007009DACD0 /* Ant */,
			);
		};
/* End PBXProject section */

/* Begin PBXResourcesBuildPhase section */
		D33998C41F4EC007009DACD0 /* Resources */ = {
			isa = PBXResourcesBuildPhase;
			buildActionMask = 2147483647;
			files = (
				D33998D41F4EC007009DACD0 /* LaunchScreen.storyboard in Resources */,
				D33998D11F4EC007009DACD0 /* Assets.xcassets in Resources */,
				D33998CF1F4EC007009DACD0 /* Main.storyboard in Resources */,
			);
			runOnlyForDeploymentPostprocessing = 0;
		};
/* End PBXResourcesBuildPhase section */

/* Begin PBXSourcesBuildPhase section */
		D33998C21F4EC007009DACD0 /* Sources */ = {
			isa = PBXSourcesBuildPhase;
			buildActionMask = 2147483647;
			files = (
				D33998CC1F4EC007009DACD0 /* ViewController.swift in Sources */,
				D33998CA1F4EC007009DACD0 /* AppDelegate.swift in Sources */,
			);
			runOnlyForDeploymentPostprocessing = 0;
		};
/* End PBXSourcesBuildPhase section */

/* Begin PBXVariantGroup section */
		D33998CD1F4EC007009DACD0 /* Main.storyboard */ = {
			isa = PBXVariantGroup;
			children = (
				D33998CE1F4EC007009DACD0 /* Base */,
			);
			name = Main.storyboard;
			sourceTree = "<group>";
		};
		D33998D21F4EC007009DACD0 /* LaunchScreen.storyboard */ = {
			isa = PBXVariantGroup;
			children = (
				D33998D31F4EC007009DACD0 /* Base */,
			);
			name = LaunchScreen.storyboard;
			sourceTree = "<group>";
		};
/* End PBXVariantGroup section */

/* Begin XCBuildConfiguration section */
		D33998D61F4EC007009DACD0 /* Debug */ = {
			isa = XCBuildConfiguration;
			buildSettings = {
				ALWAYS_SEARCH_USER_PATHS = NO;
				CLANG_ANALYZER_NONNULL = YES;
				CLANG_ANALYZER_NUMBER_OBJECT_CONVERSION = YES_AGGRESSIVE;
				CLANG_CXX_LANGUAGE_STANDARD = "gnu++0x";
				CLANG_CXX_LIBRARY = "libc++";
				CLANG_ENABLE_MODULES = YES;
				CLANG_ENABLE_OBJC_ARC = YES;
				CLANG_WARN_BOOL_CONVERSION = YES;
				CLANG_WARN_CONSTANT_CONVERSION = YES;
				CLANG_WARN_DIRECT_OBJC_ISA_USAGE = YES_ERROR;
				CLANG_WARN_DOCUMENTATION_COMMENTS = YES;
				CLANG_WARN_EMPTY_BODY = YES;
				CLANG_WARN_ENUM_CONVERSION = YES;
				CLANG_WARN_INFINITE_RECURSION = YES;
				CLANG_WARN_INT_CONVERSION = YES;
				CLANG_WARN_OBJC_ROOT_CLASS = YES_ERROR;
				CLANG_WARN_SUSPICIOUS_MOVE = YES;
				CLANG_WARN_UNREACHABLE_CODE = YES;
				CLANG_WARN__DUPLICATE_METHOD_MATCH = YES;
				"CODE_SIGN_IDENTITY[sdk=iphoneos*]" = "iPhone Developer";
				COPY_PHASE_STRIP = NO;
				DEBUG_INFORMATION_FORMAT = dwarf;
				ENABLE_STRICT_OBJC_MSGSEND = YES;
				ENABLE_TESTABILITY = YES;
				GCC_C_LANGUAGE_STANDARD = gnu99;
				GCC_DYNAMIC_NO_PIC = NO;
				GCC_NO_COMMON_BLOCKS = YES;
				GCC_OPTIMIZATION_LEVEL = 0;
				GCC_PREPROCESSOR_DEFINITIONS = (
					"DEBUG=1",
					"$(inherited)",
				);
				GCC_WARN_64_TO_32_BIT_CONVERSION = YES;
				GCC_WARN_ABOUT_RETURN_TYPE = YES_ERROR;
				GCC_WARN_UNDECLARED_SELECTOR = YES;
				GCC_WARN_UNINITIALIZED_AUTOS = YES_AGGRESSIVE;
				GCC_WARN_UNUSED_FUNCTION = YES;
				GCC_WARN_UNUSED_VARIABLE = YES;
				IPHONEOS_DEPLOYMENT_TARGET = 10.3;
				MTL_ENABLE_DEBUG_INFO = YES;
				ONLY_ACTIVE_ARCH = YES;
				SDKROOT = iphoneos;
				SWIFT_ACTIVE_COMPILATION_CONDITIONS = DEBUG;
				SWIFT_OPTIMIZATION_LEVEL = "-Onone";
			};
			name = Debug;
		};
		D33998D71F4EC007009DACD0 /* Release */ = {
			isa = XCBuildConfiguration;
			buildSettings = {
				ALWAYS_SEARCH_USER_PATHS = NO;
				CLANG_ANALYZER_NONNULL = YES;
				CLANG_ANALYZER_NUMBER_OBJECT_CONVERSION = YES_AGGRESSIVE;
				CLANG_CXX_LANGUAGE_STANDARD = "gnu++0x";
				CLANG_CXX_LIBRARY = "libc++";
				CLANG_ENABLE_MODULES = YES;
				CLANG_ENABLE_OBJC_ARC = YES;
				CLANG_WARN_BOOL_CONVERSION = YES;
				CLANG_WARN_CONSTANT_CONVERSION = YES;
				CLANG_WARN_DIRECT_OBJC_ISA_USAGE = YES_ERROR;
				CLANG_WARN_DOCUMENTATION_COMMENTS = YES;
				CLANG_WARN_EMPTY_BODY = YES;
				CLANG_WARN_ENUM_CONVERSION = YES;
				CLANG_WARN_INFINITE_RECURSION = YES;
				CLANG_WARN_INT_CONVERSION = YES;
				CLANG_WARN_OBJC_ROOT_CLASS = YES_ERROR;
				CLANG_WARN_SUSPICIOUS_MOVE = YES;
				CLANG_WARN_UNREACHABLE_CODE = YES;
				CLANG_WARN__DUPLICATE_METHOD_MATCH = YES;
				"CODE_SIGN_IDENTITY[sdk=iphoneos*]" = "iPhone Developer";
				COPY_PHASE_STRIP = NO;
				DEBUG_INFORMATION_FORMAT = "dwarf-with-dsym";
				ENABLE_NS_ASSERTIONS = NO;
				ENABLE_STRICT_OBJC_MSGSEND = YES;
				GCC_C_LANGUAGE_STANDARD = gnu99;
				GCC_NO_COMMON_BLOCKS = YES;
				GCC_WARN_64_TO_32_BIT_CONVERSION = YES;
				GCC_WARN_ABOUT_RETURN_TYPE = YES_ERROR;
				GCC_WARN_UNDECLARED_SELECTOR = YES;
				GCC_WARN_UNINITIALIZED_AUTOS = YES_AGGRESSIVE;
				GCC_WARN_UNUSED_FUNCTION = YES;
				GCC_WARN_UNUSED_VARIABLE = YES;
				IPHONEOS_DEPLOYMENT_TARGET = 10.3;
				MTL_ENABLE_DEBUG_INFO = NO;
				SDKROOT = iphoneos;
				SWIFT_OPTIMIZATION_LEVEL = "-Owholemodule";
				VALIDATE_PRODUCT = YES;
			};
			name = Release;
		};
		D33998D91F4EC007009DACD0 /* Debug */ = {
			isa = XCBuildConfiguration;
			buildSettings = {
				ASSETCATALOG_COMPILER_APPICON_NAME = AppIcon;
				DEVELOPMENT_TEAM = 4UXX38SJ8T;
				INFOPLIST_FILE = Ant/Info.plist;
				LD_RUNPATH_SEARCH_PATHS = "$(inherited) @executable_path/Frameworks";
				PRODUCT_BUNDLE_IDENTIFIER = com.weslie.Ant;
				PRODUCT_NAME = "$(TARGET_NAME)";
				SWIFT_VERSION = 3.0;
			};
			name = Debug;
		};
		D33998DA1F4EC007009DACD0 /* Release */ = {
			isa = XCBuildConfiguration;
			buildSettings = {
				ASSETCATALOG_COMPILER_APPICON_NAME = AppIcon;
				DEVELOPMENT_TEAM = 4UXX38SJ8T;
				INFOPLIST_FILE = Ant/Info.plist;
				LD_RUNPATH_SEARCH_PATHS = "$(inherited) @executable_path/Frameworks";
				PRODUCT_BUNDLE_IDENTIFIER = com.weslie.Ant;
				PRODUCT_NAME = "$(TARGET_NAME)";
				SWIFT_VERSION = 3.0;
			};
			name = Release;
		};
/* End XCBuildConfiguration section */

/* Begin XCConfigurationList section */
		D33998C11F4EC007009DACD0 /* Build configuration list for PBXProject "Ant" */ = {
			isa = XCConfigurationList;
			buildConfigurations = (
				D33998D61F4EC007009DACD0 /* Debug */,
				D33998D71F4EC007009DACD0 /* Release */,
			);
			defaultConfigurationIsVisible = 0;
			defaultConfigurationName = Release;
		};
		D33998D81F4EC007009DACD0 /* Build configuration list for PBXNativeTarget "Ant" */ = {
			isa = XCConfigurationList;
			buildConfigurations = (
				D33998D91F4EC007009DACD0 /* Debug */,
				D33998DA1F4EC007009DACD0 /* Release */,
			);
			defaultConfigurationIsVisible = 0;
		};
/* End XCConfigurationList section */
	};
	rootObject = D33998BE1F4EC007009DACD0 /* Project object */;
}
